// !$*UTF8*$!
{
	archiveVersion = 1;
	classes = {
	};
	objectVersion = 46;
	objects = {
		070FD68FFFC7D13AFC43C611 = {
			isa = PBXBuildFile;
			fileRef = 135CDEA1F130E37A869D09B7;
		};
		3AF80DFF880D861FCF11305C = {
			isa = PBXBuildFile;
			fileRef = 18DF20077DCD9D772F553D32;
		};
		5FEBA201218A333E0A908895 = {
			isa = PBXBuildFile;
			fileRef = 4ED92959D7B2B0CE2C9BC574;
		};
		EF333C3F1A8BC98BCCDC82A9 = {
			isa = PBXBuildFile;
			fileRef = 9BFD956E67BD69B306CDD2D8;
		};
		F2A329B4C794C0201F6D8E72 = {
			isa = PBXBuildFile;
			fileRef = 2E68DB89FE880320BA9F8365;
		};
		A0E6ED88EDACF4AC982CDDCE = {
			isa = PBXBuildFile;
			fileRef = 8197D0348A4CEB8C2C536121;
		};
		543F3FB028F900897A7FE07E = {
			isa = PBXBuildFile;
			fileRef = DFB393A7299A9E3DFAFA2E31;
		};
		8311EAAA7017BE8E2FE93F7E = {
			isa = PBXBuildFile;
			fileRef = 43D6B42904C57B61C6114857;
		};
		53CA51DEA109219CBD6E5DA9 = {
			isa = PBXBuildFile;
			fileRef = ADE50182E50415160A1CC8F7;
		};
		9C6CB303C0D1F632C1E26447 = {
			isa = PBXBuildFile;
			fileRef = AD4ABBA3AE23698F0A16B51C;
		};
		652A87E742AD30B607D781C7 = {
			isa = PBXBuildFile;
			fileRef = 60DEF07C48645B0D8455E82D;
		};
		3E687B95140BC08802B9A46D = {
			isa = PBXBuildFile;
			fileRef = 200399B3E64FF80AAF1697D0;
		};
		A9EFBA9967C64535CD345337 = {
			isa = PBXBuildFile;
			fileRef = C78D5488179F2836EF93B50E;
		};
		C75896D785397E368ADB14F9 = {
			isa = PBXBuildFile;
			fileRef = 5D5E2F61FC17AB9463872FD4;
		};
		E678D40029027C59EA96D4F5 = {
			isa = PBXBuildFile;
			fileRef = 9181B9CBF23D9409BD65CEE1;
		};
		45A8373AB0FB4D3DE3C13076 = {
			isa = PBXBuildFile;
			fileRef = ABA7ECF7E323783F10EB845C;
		};
		7E0F2F8BBDA5CCEDC33DAC0C = {
			isa = PBXBuildFile;
			fileRef = F1F5C1F6E9DFD616CD5919A1;
		};
		25A3F1B232D364259871B893 = {
			isa = PBXBuildFile;
			fileRef = 52DD4E00F41852B4C7E5E7A3;
		};
		C43F2E0E052B7EC4838B0FB2 = {
			isa = PBXBuildFile;
			fileRef = 87ABA044637E226475FD29FC;
		};
		D1D798118F67200A2BE9B5DB = {
			isa = PBXBuildFile;
			fileRef = 81B05F5C6BAA0FDD2F329B74;
		};
		0175FCF335D707ECCF995363 = {
			isa = PBXBuildFile;
			fileRef = 27BCBA204BEED3A16EB7ED3A;
		};
		457DFBEC49DBCC93131C83B7 = {
			isa = PBXBuildFile;
			fileRef = 11787A035C3062DC810F33EB;
		};
		1265C949D8A8E3B8AD31980F = {
			isa = PBXBuildFile;
			fileRef = CF15729BEECA4A5BF43137DB;
		};
		346448E1A085CD9A3A685E17 = {
			isa = PBXBuildFile;
			fileRef = 76FCA757B717379B9B44F479;
		};
		8A5730C4745E155C2E4049EC = {
			isa = PBXBuildFile;
			fileRef = 9E892F81754EB8D3B016F79A;
		};
		EF4EF8F9CD8A6699FC30FCAD = {
			isa = PBXBuildFile;
			fileRef = 5967C74C0FBAC04D48BB9EAD;
		};
		FD888E6D285C920881F7D4F9 = {
			isa = PBXBuildFile;
			fileRef = DF84541DC304979800A9BDCF;
		};
		01E81DBFA9C3C3310E059008 = {
			isa = PBXBuildFile;
			fileRef = 8BEF30B946A310A52B3DB604;
		};
		9A59A18F02C6AB78C106AE9D = {
			isa = PBXBuildFile;
			fileRef = E1A6B8E9A2810E7586D3B08E;
		};
		249C683866E52667DB81183E = {
			isa = PBXBuildFile;
			fileRef = 7F64E32B018267427F99A043;
		};
		2E7C44F720AA80E962125237 = {
			isa = PBXBuildFile;
			fileRef = D8164C6D56591095EAD42D3B;
		};
		70654514B2284F407C01C138 = {
			isa = PBXBuildFile;
			fileRef = EFF93CB9892A26F6FD4371AE;
		};
		2026D053D8A685CAC7423827 = {
			isa = PBXBuildFile;
			fileRef = DE7BEAB211F70B3A9DC06F15;
		};
		3A174911EE060818891B9D8F = {
			isa = PBXBuildFile;
			fileRef = 2AF75F66712134705BC9ADC0;
		};
		2E1F4775EDE8CEB485AF8664 = {
			isa = PBXBuildFile;
			fileRef = A64ECF45A1E40966C25C7810;
		};
		ECDB028749212CD83720EA63 = {
			isa = PBXBuildFile;
			fileRef = 54BF912BC23A0E6264BF68DE;
		};
		A4A6CAF8910BBDF3D593E2FB = {
			isa = PBXBuildFile;
			fileRef = 5CA01C3CE7933113C7FAE5F6;
		};
		0EB5567936E51900154D13B2 = {
			isa = PBXBuildFile;
			fileRef = 9AB3261FF100B449BD2886B7;
		};
		8E54EA69039FC2BE8D4D7601 = {
			isa = PBXBuildFile;
			fileRef = 8AED61856FC00C6D2C985529;
		};
		9D7267252EF74727DF9236C5 = {
			isa = PBXBuildFile;
			fileRef = 8F4B988E3B07345B8BEEF448;
		};
		F4A6210F919A9573065A7257 = {
			isa = PBXBuildFile;
			fileRef = E68461D44DAA8E1BA015E200;
		};
		4CD2DB0ABB36DA42299A8DA0 = {
			isa = PBXBuildFile;
			fileRef = D3A818E89BEAEB582EA5D39B;
		};
		77F0127B274E802E58085447 = {
			isa = PBXBuildFile;
			fileRef = B08A00E7869448684E596C82;
		};
		0BFD822FF0247E578F0D3545 = {
			isa = PBXFileReference;
			lastKnownFileType = file;
			name = "juce_gui_extra";
			path = "~/JUCE/modules/juce_gui_extra";
			sourceTree = "<absolute>";
		};
		0DC13EF8BADFFBF8A2796570 = {
			isa = PBXFileReference;
			lastKnownFileType = text.plist.xml;
			name = "Info-VST3.plist";
			path = "Info-VST3.plist";
			sourceTree = "SOURCE_ROOT";
		};
		11787A035C3062DC810F33EB = {
			isa = PBXFileReference;
			lastKnownFileType = sourcecode.cpp.cpp;
			name = PluginProcessor.cpp;
			path = ../../Source/PluginProcessor.cpp;
			sourceTree = "SOURCE_ROOT";
		};
		135CDEA1F130E37A869D09B7 = {
			isa = PBXFileReference;
			explicitFileType = wrapper.cfbundle;
			includeInIndex = 0;
			path = MTEqualizer.vst3;
			sourceTree = "BUILT_PRODUCTS_DIR";
		};
		18DF20077DCD9D772F553D32 = {
			isa = PBXFileReference;
			explicitFileType = wrapper.cfbundle;
			includeInIndex = 0;
			path = MTEqualizer.component;
			sourceTree = "BUILT_PRODUCTS_DIR";
		};
		1958AA4287C281DFDCD28D78 = {
			isa = PBXFileReference;
			lastKnownFileType = file;
			name = "juce_gui_basics";
			path = "~/JUCE/modules/juce_gui_basics";
			sourceTree = "<absolute>";
		};
		200399B3E64FF80AAF1697D0 = {
			isa = PBXFileReference;
			lastKnownFileType = wrapper.framework;
			name = CoreMIDI.framework;
			path = System/Library/Frameworks/CoreMIDI.framework;
			sourceTree = SDKROOT;
		};
		27BCBA204BEED3A16EB7ED3A = {
			isa = PBXFileReference;
			lastKnownFileType = sourcecode.cpp.cpp;
			name = utils.cpp;
			path = ../../Source/utils.cpp;
			sourceTree = "SOURCE_ROOT";
		};
		2AF75F66712134705BC9ADC0 = {
			isa = PBXFileReference;
			lastKnownFileType = sourcecode.cpp.objcpp;
			name = "include_juce_audio_processors.mm";
			path = "../../JuceLibraryCode/include_juce_audio_processors.mm";
			sourceTree = "SOURCE_ROOT";
		};
		2E68DB89FE880320BA9F8365 = {
			isa = PBXFileReference;
			lastKnownFileType = wrapper.framework;
			name = AudioUnit.framework;
			path = System/Library/Frameworks/AudioUnit.framework;
			sourceTree = SDKROOT;
		};
		3C1CAAB321741B28A42FBE42 = {
			isa = PBXFileReference;
			lastKnownFileType = file;
			name = "juce_cryptography";
			path = "~/JUCE/modules/juce_cryptography";
			sourceTree = "<absolute>";
		};
		3CBFB67201698EEE6E366026 = {
			isa = PBXFileReference;
			lastKnownFileType = file;
			name = "juce_core";
			path = "~/JUCE/modules/juce_core";
			sourceTree = "<absolute>";
		};
		4188AB6727610C641775F6B2 = {
			isa = PBXFileReference;
			lastKnownFileType = file;
			name = "juce_audio_basics";
			path = "~/JUCE/modules/juce_audio_basics";
			sourceTree = "<absolute>";
		};
		42D4304345C01A60E4ECD1B2 = {
			isa = PBXFileReference;
			lastKnownFileType = sourcecode.c.h;
			name = PluginEditor.h;
			path = ../../Source/PluginEditor.h;
			sourceTree = "SOURCE_ROOT";
		};
		43D6B42904C57B61C6114857 = {
			isa = PBXFileReference;
			lastKnownFileType = wrapper.framework;
			name = Carbon.framework;
			path = System/Library/Frameworks/Carbon.framework;
			sourceTree = SDKROOT;
		};
		471BB2BF331B93A0C1762D12 = {
			isa = PBXFileReference;
			lastKnownFileType = sourcecode.c.h;
			name = AppConfig.h;
			path = ../../JuceLibraryCode/AppConfig.h;
			sourceTree = "SOURCE_ROOT";
		};
		4BAA87E18075632B073671C6 = {
			isa = PBXFileReference;
			lastKnownFileType = file;
			name = "juce_opengl";
			path = "~/JUCE/modules/juce_opengl";
			sourceTree = "<absolute>";
		};
		4ED92959D7B2B0CE2C9BC574 = {
			isa = PBXFileReference;
			explicitFileType = wrapper.application;
			includeInIndex = 0;
			path = MTEqualizer.app;
			sourceTree = "BUILT_PRODUCTS_DIR";
		};
		52DD4E00F41852B4C7E5E7A3 = {
			isa = PBXFileReference;
			lastKnownFileType = file.nib;
			name = RecentFilesMenuTemplate.nib;
			path = RecentFilesMenuTemplate.nib;
			sourceTree = "SOURCE_ROOT";
		};
		54BF912BC23A0E6264BF68DE = {
			isa = PBXFileReference;
			lastKnownFileType = sourcecode.cpp.objcpp;
			name = "include_juce_core.mm";
			path = "../../JuceLibraryCode/include_juce_core.mm";
			sourceTree = "SOURCE_ROOT";
		};
		5967C74C0FBAC04D48BB9EAD = {
			isa = PBXFileReference;
			lastKnownFileType = sourcecode.cpp.objcpp;
			name = "include_juce_audio_formats.mm";
			path = "../../JuceLibraryCode/include_juce_audio_formats.mm";
			sourceTree = "SOURCE_ROOT";
		};
		5CA01C3CE7933113C7FAE5F6 = {
			isa = PBXFileReference;
			lastKnownFileType = sourcecode.cpp.objcpp;
			name = "include_juce_cryptography.mm";
			path = "../../JuceLibraryCode/include_juce_cryptography.mm";
			sourceTree = "SOURCE_ROOT";
		};
		5D5E2F61FC17AB9463872FD4 = {
			isa = PBXFileReference;
			lastKnownFileType = wrapper.framework;
			name = IOKit.framework;
			path = System/Library/Frameworks/IOKit.framework;
			sourceTree = SDKROOT;
		};
		60DEF07C48645B0D8455E82D = {
			isa = PBXFileReference;
			lastKnownFileType = wrapper.framework;
			name = CoreAudioKit.framework;
			path = System/Library/Frameworks/CoreAudioKit.framework;
			sourceTree = SDKROOT;
		};
		69F2679EF633B1215D742FDB = {
			isa = PBXFileReference;
			lastKnownFileType = file;
			name = "juce_events";
			path = "~/JUCE/modules/juce_events";
			sourceTree = "<absolute>";
		};
		76FCA757B717379B9B44F479 = {
			isa = PBXFileReference;
			lastKnownFileType = sourcecode.cpp.objcpp;
			name = "include_juce_audio_basics.mm";
			path = "../../JuceLibraryCode/include_juce_audio_basics.mm";
			sourceTree = "SOURCE_ROOT";
		};
		7B725EAA021FF28484679CE7 = {
			isa = PBXFileReference;
			lastKnownFileType = sourcecode.c.h;
			name = JuceHeader.h;
			path = ../../JuceLibraryCode/JuceHeader.h;
			sourceTree = "SOURCE_ROOT";
		};
		7F64E32B018267427F99A043 = {
			isa = PBXFileReference;
			lastKnownFileType = sourcecode.cpp.cpp;
			name = "include_juce_audio_plugin_client_Standalone.cpp";
			path = "../../JuceLibraryCode/include_juce_audio_plugin_client_Standalone.cpp";
			sourceTree = "SOURCE_ROOT";
		};
		8197D0348A4CEB8C2C536121 = {
			isa = PBXFileReference;
			lastKnownFileType = wrapper.framework;
			name = Accelerate.framework;
			path = System/Library/Frameworks/Accelerate.framework;
			sourceTree = SDKROOT;
		};
		81B05F5C6BAA0FDD2F329B74 = {
			isa = PBXFileReference;
			lastKnownFileType = sourcecode.cpp.cpp;
			name = BiquadFilter.cpp;
			path = ../../Source/BiquadFilter.cpp;
			sourceTree = "SOURCE_ROOT";
		};
		87ABA044637E226475FD29FC = {
			isa = PBXFileReference;
			lastKnownFileType = sourcecode.cpp.cpp;
			name = Biquad.cpp;
			path = ../../Source/Biquad.cpp;
			sourceTree = "SOURCE_ROOT";
		};
		880AA78A28722616CD8781C9 = {
			isa = PBXFileReference;
			lastKnownFileType = file;
			name = "juce_graphics";
			path = "~/JUCE/modules/juce_graphics";
			sourceTree = "<absolute>";
		};
		8AED61856FC00C6D2C985529 = {
			isa = PBXFileReference;
			lastKnownFileType = sourcecode.cpp.objcpp;
			name = "include_juce_events.mm";
			path = "../../JuceLibraryCode/include_juce_events.mm";
			sourceTree = "SOURCE_ROOT";
		};
		8BEF30B946A310A52B3DB604 = {
			isa = PBXFileReference;
			lastKnownFileType = sourcecode.cpp.objcpp;
			name = "include_juce_audio_plugin_client_AU_1.mm";
			path = "../../JuceLibraryCode/include_juce_audio_plugin_client_AU_1.mm";
			sourceTree = "SOURCE_ROOT";
		};
		8F4B988E3B07345B8BEEF448 = {
			isa = PBXFileReference;
			lastKnownFileType = sourcecode.cpp.objcpp;
			name = "include_juce_graphics.mm";
			path = "../../JuceLibraryCode/include_juce_graphics.mm";
			sourceTree = "SOURCE_ROOT";
		};
		9181B9CBF23D9409BD65CEE1 = {
			isa = PBXFileReference;
			lastKnownFileType = wrapper.framework;
			name = OpenGL.framework;
			path = System/Library/Frameworks/OpenGL.framework;
			sourceTree = SDKROOT;
		};
		9AB3261FF100B449BD2886B7 = {
			isa = PBXFileReference;
			lastKnownFileType = sourcecode.cpp.objcpp;
			name = "include_juce_data_structures.mm";
			path = "../../JuceLibraryCode/include_juce_data_structures.mm";
			sourceTree = "SOURCE_ROOT";
		};
		9ACE94B74F9045020B9539B2 = {
			isa = PBXFileReference;
			lastKnownFileType = file;
			name = "juce_audio_devices";
			path = "~/JUCE/modules/juce_audio_devices";
			sourceTree = "<absolute>";
		};
		9BFD956E67BD69B306CDD2D8 = {
			isa = PBXFileReference;
			explicitFileType = archive.ar;
			includeInIndex = 0;
			path = libMTEqualizer.a;
			sourceTree = "BUILT_PRODUCTS_DIR";
		};
		9E892F81754EB8D3B016F79A = {
			isa = PBXFileReference;
			lastKnownFileType = sourcecode.cpp.objcpp;
			name = "include_juce_audio_devices.mm";
			path = "../../JuceLibraryCode/include_juce_audio_devices.mm";
			sourceTree = "SOURCE_ROOT";
		};
		A174DC56A564433283380D93 = {
			isa = PBXFileReference;
			lastKnownFileType = file;
			name = "juce_audio_formats";
			path = "~/JUCE/modules/juce_audio_formats";
			sourceTree = "<absolute>";
		};
		A41EFD428267750088A79E6C = {
			isa = PBXFileReference;
			lastKnownFileType = sourcecode.c.h;
			name = PluginProcessor.h;
			path = ../../Source/PluginProcessor.h;
			sourceTree = "SOURCE_ROOT";
		};
		A64ECF45A1E40966C25C7810 = {
			isa = PBXFileReference;
			lastKnownFileType = sourcecode.cpp.objcpp;
			name = "include_juce_audio_utils.mm";
			path = "../../JuceLibraryCode/include_juce_audio_utils.mm";
			sourceTree = "SOURCE_ROOT";
		};
		A798BCFB9696C516D26DB133 = {
			isa = PBXFileReference;
			lastKnownFileType = file;
			name = "juce_data_structures";
			path = "~/JUCE/modules/juce_data_structures";
			sourceTree = "<absolute>";
		};
		ABA7ECF7E323783F10EB845C = {
			isa = PBXFileReference;
			lastKnownFileType = wrapper.framework;
			name = QuartzCore.framework;
			path = System/Library/Frameworks/QuartzCore.framework;
			sourceTree = SDKROOT;
		};
		AD4ABBA3AE23698F0A16B51C = {
			isa = PBXFileReference;
			lastKnownFileType = wrapper.framework;
			name = CoreAudio.framework;
			path = System/Library/Frameworks/CoreAudio.framework;
			sourceTree = SDKROOT;
		};
		ADE50182E50415160A1CC8F7 = {
			isa = PBXFileReference;
			lastKnownFileType = wrapper.framework;
			name = Cocoa.framework;
			path = System/Library/Frameworks/Cocoa.framework;
			sourceTree = SDKROOT;
		};
		AF4335D9F422B7D25AC42E6E = {
			isa = PBXFileReference;
			lastKnownFileType = sourcecode.c.h;
			name = Biquad.h;
			path = ../../Source/Biquad.h;
			sourceTree = "SOURCE_ROOT";
		};
		AFDE031A530EDD2C5DFD2AD8 = {
			isa = PBXFileReference;
			lastKnownFileType = text.plist.xml;
			name = "Info-AU.plist";
			path = "Info-AU.plist";
			sourceTree = "SOURCE_ROOT";
		};
		B08A00E7869448684E596C82 = {
			isa = PBXFileReference;
			lastKnownFileType = sourcecode.cpp.objcpp;
			name = "include_juce_opengl.mm";
			path = "../../JuceLibraryCode/include_juce_opengl.mm";
			sourceTree = "SOURCE_ROOT";
		};
		C08B9AEB4D57D947FE44C609 = {
			isa = PBXFileReference;
			lastKnownFileType = file;
			name = "juce_audio_utils";
			path = "~/JUCE/modules/juce_audio_utils";
			sourceTree = "<absolute>";
		};
		C2FEAA503066EF82FF34267B = {
			isa = PBXFileReference;
			lastKnownFileType = text.plist.xml;
			name = "Info-Standalone_Plugin.plist";
			path = "Info-Standalone_Plugin.plist";
			sourceTree = "SOURCE_ROOT";
		};
		C78D5488179F2836EF93B50E = {
			isa = PBXFileReference;
			lastKnownFileType = wrapper.framework;
			name = DiscRecording.framework;
			path = System/Library/Frameworks/DiscRecording.framework;
			sourceTree = SDKROOT;
		};
		CF15729BEECA4A5BF43137DB = {
			isa = PBXFileReference;
			lastKnownFileType = sourcecode.cpp.cpp;
			name = PluginEditor.cpp;
			path = ../../Source/PluginEditor.cpp;
			sourceTree = "SOURCE_ROOT";
		};
		D3A818E89BEAEB582EA5D39B = {
			isa = PBXFileReference;
			lastKnownFileType = sourcecode.cpp.objcpp;
			name = "include_juce_gui_extra.mm";
			path = "../../JuceLibraryCode/include_juce_gui_extra.mm";
			sourceTree = "SOURCE_ROOT";
		};
		D8164C6D56591095EAD42D3B = {
			isa = PBXFileReference;
			lastKnownFileType = sourcecode.cpp.cpp;
			name = "include_juce_audio_plugin_client_utils.cpp";
			path = "../../JuceLibraryCode/include_juce_audio_plugin_client_utils.cpp";
			sourceTree = "SOURCE_ROOT";
		};
		DA38C4834C882AF69E101D08 = {
			isa = PBXFileReference;
			lastKnownFileType = file;
			name = "juce_audio_plugin_client";
			path = "~/JUCE/modules/juce_audio_plugin_client";
			sourceTree = "<absolute>";
		};
		DE7BEAB211F70B3A9DC06F15 = {
			isa = PBXFileReference;
			lastKnownFileType = sourcecode.cpp.cpp;
			name = "include_juce_audio_plugin_client_VST3.cpp";
			path = "../../JuceLibraryCode/include_juce_audio_plugin_client_VST3.cpp";
			sourceTree = "SOURCE_ROOT";
		};
		DF84541DC304979800A9BDCF = {
			isa = PBXFileReference;
			lastKnownFileType = file.r;
			name = "include_juce_audio_plugin_client_AU.r";
			path = "../../JuceLibraryCode/include_juce_audio_plugin_client_AU.r";
			sourceTree = "SOURCE_ROOT";
		};
		DFB393A7299A9E3DFAFA2E31 = {
			isa = PBXFileReference;
			lastKnownFileType = wrapper.framework;
			name = AudioToolbox.framework;
			path = System/Library/Frameworks/AudioToolbox.framework;
			sourceTree = SDKROOT;
		};
		E1A6B8E9A2810E7586D3B08E = {
			isa = PBXFileReference;
			lastKnownFileType = sourcecode.cpp.objcpp;
			name = "include_juce_audio_plugin_client_AU_2.mm";
			path = "../../JuceLibraryCode/include_juce_audio_plugin_client_AU_2.mm";
			sourceTree = "SOURCE_ROOT";
		};
		E4A8053C036934AE18BFCC8A = {
			isa = PBXFileReference;
			lastKnownFileType = sourcecode.c.h;
			name = utils.h;
			path = ../../Source/utils.h;
			sourceTree = "SOURCE_ROOT";
		};
		E68461D44DAA8E1BA015E200 = {
			isa = PBXFileReference;
			lastKnownFileType = sourcecode.cpp.objcpp;
			name = "include_juce_gui_basics.mm";
			path = "../../JuceLibraryCode/include_juce_gui_basics.mm";
			sourceTree = "SOURCE_ROOT";
		};
		EC8C42D38D1A9078C1FC0D72 = {
			isa = PBXFileReference;
			lastKnownFileType = file;
			name = "juce_audio_processors";
			path = "~/JUCE/modules/juce_audio_processors";
			sourceTree = "<absolute>";
		};
		EFF93CB9892A26F6FD4371AE = {
			isa = PBXFileReference;
			lastKnownFileType = sourcecode.cpp.objcpp;
			name = "include_juce_audio_plugin_client_VST_utils.mm";
			path = "../../JuceLibraryCode/include_juce_audio_plugin_client_VST_utils.mm";
			sourceTree = "SOURCE_ROOT";
		};
		F1F5C1F6E9DFD616CD5919A1 = {
			isa = PBXFileReference;
			lastKnownFileType = wrapper.framework;
			name = WebKit.framework;
			path = System/Library/Frameworks/WebKit.framework;
			sourceTree = SDKROOT;
		};
		FFBAF527E89BDE9CFA617AE9 = {
			isa = PBXFileReference;
			lastKnownFileType = sourcecode.c.h;
			name = BiquadFilter.h;
			path = ../../Source/BiquadFilter.h;
			sourceTree = "SOURCE_ROOT";
		};
		9827B3268F5E08CD97EFBAE9 = {
			isa = PBXGroup;
			children = (
				87ABA044637E226475FD29FC,
				AF4335D9F422B7D25AC42E6E,
				81B05F5C6BAA0FDD2F329B74,
				FFBAF527E89BDE9CFA617AE9,
				27BCBA204BEED3A16EB7ED3A,
				E4A8053C036934AE18BFCC8A,
				11787A035C3062DC810F33EB,
				A41EFD428267750088A79E6C,
				CF15729BEECA4A5BF43137DB,
				42D4304345C01A60E4ECD1B2,
			);
			name = Source;
			sourceTree = "<group>";
		};
		AC759F14B7E3A32A1A2065F9 = {
			isa = PBXGroup;
			children = (
				9827B3268F5E08CD97EFBAE9,
			);
			name = MTEqualizer;
			sourceTree = "<group>";
		};
		83A1AD658135D81944B40DB3 = {
			isa = PBXGroup;
			children = (
				4188AB6727610C641775F6B2,
				9ACE94B74F9045020B9539B2,
				A174DC56A564433283380D93,
				DA38C4834C882AF69E101D08,
				EC8C42D38D1A9078C1FC0D72,
				C08B9AEB4D57D947FE44C609,
				3CBFB67201698EEE6E366026,
				3C1CAAB321741B28A42FBE42,
				A798BCFB9696C516D26DB133,
				69F2679EF633B1215D742FDB,
				880AA78A28722616CD8781C9,
				1958AA4287C281DFDCD28D78,
				0BFD822FF0247E578F0D3545,
				4BAA87E18075632B073671C6,
			);
			name = "JUCE Modules";
			sourceTree = "<group>";
		};
		C9AD66427AC62E8F585001D9 = {
			isa = PBXGroup;
			children = (
				471BB2BF331B93A0C1762D12,
				76FCA757B717379B9B44F479,
				9E892F81754EB8D3B016F79A,
				5967C74C0FBAC04D48BB9EAD,
				DF84541DC304979800A9BDCF,
				8BEF30B946A310A52B3DB604,
				E1A6B8E9A2810E7586D3B08E,
				7F64E32B018267427F99A043,
				D8164C6D56591095EAD42D3B,
				EFF93CB9892A26F6FD4371AE,
				DE7BEAB211F70B3A9DC06F15,
				2AF75F66712134705BC9ADC0,
				A64ECF45A1E40966C25C7810,
				54BF912BC23A0E6264BF68DE,
				5CA01C3CE7933113C7FAE5F6,
				9AB3261FF100B449BD2886B7,
				8AED61856FC00C6D2C985529,
				8F4B988E3B07345B8BEEF448,
				E68461D44DAA8E1BA015E200,
				D3A818E89BEAEB582EA5D39B,
				B08A00E7869448684E596C82,
				7B725EAA021FF28484679CE7,
			);
			name = "JUCE Library Code";
			sourceTree = "<group>";
		};
		64FF4D417789009D8E775A93 = {
			isa = PBXGroup;
			children = (
				0DC13EF8BADFFBF8A2796570,
				AFDE031A530EDD2C5DFD2AD8,
				C2FEAA503066EF82FF34267B,
				52DD4E00F41852B4C7E5E7A3,
			);
			name = Resources;
			sourceTree = "<group>";
		};
		30D8D185C23399F8CEC7A39D = {
			isa = PBXGroup;
			children = (
				2E68DB89FE880320BA9F8365,
				8197D0348A4CEB8C2C536121,
				DFB393A7299A9E3DFAFA2E31,
				43D6B42904C57B61C6114857,
				ADE50182E50415160A1CC8F7,
				AD4ABBA3AE23698F0A16B51C,
				60DEF07C48645B0D8455E82D,
				200399B3E64FF80AAF1697D0,
				C78D5488179F2836EF93B50E,
				5D5E2F61FC17AB9463872FD4,
				9181B9CBF23D9409BD65CEE1,
				ABA7ECF7E323783F10EB845C,
				F1F5C1F6E9DFD616CD5919A1,
			);
			name = Frameworks;
			sourceTree = "<group>";
		};
		3795609C088F725147A64114 = {
			isa = PBXGroup;
			children = (
				135CDEA1F130E37A869D09B7,
				18DF20077DCD9D772F553D32,
				4ED92959D7B2B0CE2C9BC574,
				9BFD956E67BD69B306CDD2D8,
			);
			name = Products;
			sourceTree = "<group>";
		};
		ED366EB3313131DA524A1586 = {
			isa = PBXGroup;
			children = (
				AC759F14B7E3A32A1A2065F9,
				83A1AD658135D81944B40DB3,
				C9AD66427AC62E8F585001D9,
				64FF4D417789009D8E775A93,
				30D8D185C23399F8CEC7A39D,
				3795609C088F725147A64114,
			);
			name = Source;
			sourceTree = "<group>";
		};
		B48C41E6B2528AC77D4DC1D6 = {
			isa = XCBuildConfiguration;
			buildSettings = {
				MACOSX_DEPLOYMENT_TARGET = 10.11;
				SDKROOT = macosx;
			};
			name = Debug;
		};
		D0F12E79E9CDF0C8137AD08F = {
			isa = XCBuildConfiguration;
			buildSettings = {
				MACOSX_DEPLOYMENT_TARGET = 10.11;
				SDKROOT = macosx;
			};
			name = Release;
		};
		CE809EE038E0AD3762B30C15 = {
			isa = XCBuildConfiguration;
			buildSettings = {
				CLANG_CXX_LANGUAGE_STANDARD = "c++14";
				CLANG_CXX_LIBRARY = "libc++";
				CLANG_LINK_OBJC_RUNTIME = NO;
				CODE_SIGN_IDENTITY = "";
				COMBINE_HIDPI_IMAGES = YES;
				CONFIGURATION_BUILD_DIR = "$(PROJECT_DIR)/build/$(CONFIGURATION)";
				COPY_PHASE_STRIP = NO;
				DEPLOYMENT_LOCATION = YES;
				DSTROOT = /;
				GCC_DYNAMIC_NO_PIC = NO;
				GCC_OPTIMIZATION_LEVEL = 0;
				GCC_PREPROCESSOR_DEFINITIONS = (
					"_DEBUG=1",
					"DEBUG=1",
					"JUCER_XCODE_MAC_F6D2F4CF=1",
					"JUCE_APP_VERSION=1.0.0",
					"JUCE_APP_VERSION_HEX=0x10000",
					"JucePlugin_Build_VST=0",
					"JucePlugin_Build_VST3=1",
					"JucePlugin_Build_AU=0",
					"JucePlugin_Build_AUv3=0",
					"JucePlugin_Build_RTAS=0",
					"JucePlugin_Build_AAX=0",
					"JucePlugin_Build_Standalone=0",
					"JucePlugin_Build_Unity=0",
				);
				GCC_VERSION = com.apple.compilers.llvm.clang.1_0;
				GENERATE_PKGINFO_FILE = YES;
				HEADER_SEARCH_PATHS = (
					"$(HOME)/JUCE/modules/juce_audio_processors/format_types/VST3_SDK",
					"../../JuceLibraryCode",
					"$(HOME)/JUCE/modules",
					"$(HOME)/JUCE/modules/juce_audio_plugin_client",
					"$(inherited)",
				);
				INFOPLIST_FILE = Info-VST3.plist;
				INFOPLIST_PREPROCESS = NO;
				INSTALL_PATH = "$(HOME)/Library/Audio/Plug-Ins/VST3/";
				LIBRARY_STYLE = Bundle;
				MACOSX_DEPLOYMENT_TARGET = 10.11;
				OTHER_LDFLAGS = "-bundle -lMTEqualizer";
				PRODUCT_BUNDLE_IDENTIFIER = com.yourcompany.MTEqualizer;
				PRODUCT_NAME = "MTEqualizer";
				USE_HEADERMAP = NO;
				WRAPPER_EXTENSION = vst3;
			};
			name = Debug;
		};
		92699EA2094C0E8881E27AE8 = {
			isa = XCBuildConfiguration;
			buildSettings = {
				CLANG_CXX_LANGUAGE_STANDARD = "c++14";
				CLANG_CXX_LIBRARY = "libc++";
				CLANG_LINK_OBJC_RUNTIME = NO;
				CODE_SIGN_IDENTITY = "";
				COMBINE_HIDPI_IMAGES = YES;
				CONFIGURATION_BUILD_DIR = "$(PROJECT_DIR)/build/$(CONFIGURATION)";
				DEAD_CODE_STRIPPING = YES;
				DEPLOYMENT_LOCATION = YES;
				DSTROOT = /;
				GCC_GENERATE_DEBUGGING_SYMBOLS = NO;
				GCC_OPTIMIZATION_LEVEL = 3;
				GCC_PREPROCESSOR_DEFINITIONS = (
					"_NDEBUG=1",
					"NDEBUG=1",
					"JUCER_XCODE_MAC_F6D2F4CF=1",
					"JUCE_APP_VERSION=1.0.0",
					"JUCE_APP_VERSION_HEX=0x10000",
					"JucePlugin_Build_VST=0",
					"JucePlugin_Build_VST3=1",
					"JucePlugin_Build_AU=0",
					"JucePlugin_Build_AUv3=0",
					"JucePlugin_Build_RTAS=0",
					"JucePlugin_Build_AAX=0",
					"JucePlugin_Build_Standalone=0",
					"JucePlugin_Build_Unity=0",
				);
				GCC_SYMBOLS_PRIVATE_EXTERN = YES;
				GCC_VERSION = com.apple.compilers.llvm.clang.1_0;
				GENERATE_PKGINFO_FILE = YES;
				HEADER_SEARCH_PATHS = (
					"$(HOME)/JUCE/modules/juce_audio_processors/format_types/VST3_SDK",
					"../../JuceLibraryCode",
					"$(HOME)/JUCE/modules",
					"$(HOME)/JUCE/modules/juce_audio_plugin_client",
					"$(inherited)",
				);
				INFOPLIST_FILE = Info-VST3.plist;
				INFOPLIST_PREPROCESS = NO;
				INSTALL_PATH = "$(HOME)/Library/Audio/Plug-Ins/VST3/";
				LIBRARY_STYLE = Bundle;
				LLVM_LTO = YES;
				MACOSX_DEPLOYMENT_TARGET = 10.11;
				OTHER_LDFLAGS = "-bundle -lMTEqualizer";
				PRODUCT_BUNDLE_IDENTIFIER = com.yourcompany.MTEqualizer;
				PRODUCT_NAME = "MTEqualizer";
				USE_HEADERMAP = NO;
				WRAPPER_EXTENSION = vst3;
			};
			name = Release;
		};
		3F9B9DA2FA7F730EF5423DEB = {
			isa = XCBuildConfiguration;
			buildSettings = {
				CLANG_CXX_LANGUAGE_STANDARD = "c++14";
				CLANG_CXX_LIBRARY = "libc++";
				CLANG_LINK_OBJC_RUNTIME = NO;
				CODE_SIGN_IDENTITY = "";
				COMBINE_HIDPI_IMAGES = YES;
				CONFIGURATION_BUILD_DIR = "$(PROJECT_DIR)/build/$(CONFIGURATION)";
				COPY_PHASE_STRIP = NO;
				DEPLOYMENT_LOCATION = YES;
				DSTROOT = /;
				GCC_DYNAMIC_NO_PIC = NO;
				GCC_OPTIMIZATION_LEVEL = 0;
				GCC_PREPROCESSOR_DEFINITIONS = (
					"_DEBUG=1",
					"DEBUG=1",
					"JUCER_XCODE_MAC_F6D2F4CF=1",
					"JUCE_APP_VERSION=1.0.0",
					"JUCE_APP_VERSION_HEX=0x10000",
					"JucePlugin_Build_VST=0",
					"JucePlugin_Build_VST3=0",
					"JucePlugin_Build_AU=1",
					"JucePlugin_Build_AUv3=0",
					"JucePlugin_Build_RTAS=0",
					"JucePlugin_Build_AAX=0",
					"JucePlugin_Build_Standalone=0",
					"JucePlugin_Build_Unity=0",
				);
				GCC_VERSION = com.apple.compilers.llvm.clang.1_0;
				GENERATE_PKGINFO_FILE = YES;
				HEADER_SEARCH_PATHS = (
					"$(HOME)/JUCE/modules/juce_audio_processors/format_types/VST3_SDK",
					"../../JuceLibraryCode",
					"$(HOME)/JUCE/modules",
					"$(HOME)/JUCE/modules/juce_audio_plugin_client",
					"$(inherited)",
				);
				INFOPLIST_FILE = Info-AU.plist;
				INFOPLIST_PREPROCESS = NO;
				INSTALL_PATH = "$(HOME)/Library/Audio/Plug-Ins/Components/";
				LIBRARY_STYLE = Bundle;
				MACOSX_DEPLOYMENT_TARGET = 10.11;
				OTHER_LDFLAGS = "-bundle -lMTEqualizer";
				OTHER_REZFLAGS = "-d ppc_$ppc -d i386_$i386 -d ppc64_$ppc64 -d x86_64_$x86_64 -I /System/Library/Frameworks/CoreServices.framework/Frameworks/CarbonCore.framework/Versions/A/Headers -I \"$(DEVELOPER_DIR)/Extras/CoreAudio/AudioUnits/AUPublic/AUBase\" -I \"$(DEVELOPER_DIR)/Platforms/MacOSX.platform/Developer/SDKs/MacOSX.sdk/System/Library/Frameworks/AudioUnit.framework/Headers\"";
				PRODUCT_BUNDLE_IDENTIFIER = com.yourcompany.MTEqualizer;
				PRODUCT_NAME = "MTEqualizer";
				USE_HEADERMAP = NO;
				WRAPPER_EXTENSION = component;
			};
			name = Debug;
		};
		F65D78057EE1D5072623F72E = {
			isa = XCBuildConfiguration;
			buildSettings = {
				CLANG_CXX_LANGUAGE_STANDARD = "c++14";
				CLANG_CXX_LIBRARY = "libc++";
				CLANG_LINK_OBJC_RUNTIME = NO;
				CODE_SIGN_IDENTITY = "";
				COMBINE_HIDPI_IMAGES = YES;
				CONFIGURATION_BUILD_DIR = "$(PROJECT_DIR)/build/$(CONFIGURATION)";
				DEAD_CODE_STRIPPING = YES;
				DEPLOYMENT_LOCATION = YES;
				DSTROOT = /;
				GCC_GENERATE_DEBUGGING_SYMBOLS = NO;
				GCC_OPTIMIZATION_LEVEL = 3;
				GCC_PREPROCESSOR_DEFINITIONS = (
					"_NDEBUG=1",
					"NDEBUG=1",
					"JUCER_XCODE_MAC_F6D2F4CF=1",
					"JUCE_APP_VERSION=1.0.0",
					"JUCE_APP_VERSION_HEX=0x10000",
					"JucePlugin_Build_VST=0",
					"JucePlugin_Build_VST3=0",
					"JucePlugin_Build_AU=1",
					"JucePlugin_Build_AUv3=0",
					"JucePlugin_Build_RTAS=0",
					"JucePlugin_Build_AAX=0",
					"JucePlugin_Build_Standalone=0",
					"JucePlugin_Build_Unity=0",
				);
				GCC_SYMBOLS_PRIVATE_EXTERN = YES;
				GCC_VERSION = com.apple.compilers.llvm.clang.1_0;
				GENERATE_PKGINFO_FILE = YES;
				HEADER_SEARCH_PATHS = (
					"$(HOME)/JUCE/modules/juce_audio_processors/format_types/VST3_SDK",
					"../../JuceLibraryCode",
					"$(HOME)/JUCE/modules",
					"$(HOME)/JUCE/modules/juce_audio_plugin_client",
					"$(inherited)",
				);
				INFOPLIST_FILE = Info-AU.plist;
				INFOPLIST_PREPROCESS = NO;
				INSTALL_PATH = "$(HOME)/Library/Audio/Plug-Ins/Components/";
				LIBRARY_STYLE = Bundle;
				LLVM_LTO = YES;
				MACOSX_DEPLOYMENT_TARGET = 10.11;
				OTHER_LDFLAGS = "-bundle -lMTEqualizer";
				OTHER_REZFLAGS = "-d ppc_$ppc -d i386_$i386 -d ppc64_$ppc64 -d x86_64_$x86_64 -I /System/Library/Frameworks/CoreServices.framework/Frameworks/CarbonCore.framework/Versions/A/Headers -I \"$(DEVELOPER_DIR)/Extras/CoreAudio/AudioUnits/AUPublic/AUBase\" -I \"$(DEVELOPER_DIR)/Platforms/MacOSX.platform/Developer/SDKs/MacOSX.sdk/System/Library/Frameworks/AudioUnit.framework/Headers\"";
				PRODUCT_BUNDLE_IDENTIFIER = com.yourcompany.MTEqualizer;
				PRODUCT_NAME = "MTEqualizer";
				USE_HEADERMAP = NO;
				WRAPPER_EXTENSION = component;
			};
			name = Release;
		};
		D7122A9BFA4869A23A50E08F = {
			isa = XCBuildConfiguration;
			buildSettings = {
				CLANG_CXX_LANGUAGE_STANDARD = "c++14";
				CLANG_CXX_LIBRARY = "libc++";
				CLANG_LINK_OBJC_RUNTIME = NO;
				CODE_SIGN_IDENTITY = "";
				COMBINE_HIDPI_IMAGES = YES;
				CONFIGURATION_BUILD_DIR = "$(PROJECT_DIR)/build/$(CONFIGURATION)";
				COPY_PHASE_STRIP = NO;
				GCC_DYNAMIC_NO_PIC = NO;
				GCC_OPTIMIZATION_LEVEL = 0;
				GCC_PREPROCESSOR_DEFINITIONS = (
					"_DEBUG=1",
					"DEBUG=1",
					"JUCER_XCODE_MAC_F6D2F4CF=1",
					"JUCE_APP_VERSION=1.0.0",
					"JUCE_APP_VERSION_HEX=0x10000",
					"JucePlugin_Build_VST=0",
					"JucePlugin_Build_VST3=0",
					"JucePlugin_Build_AU=0",
					"JucePlugin_Build_AUv3=0",
					"JucePlugin_Build_RTAS=0",
					"JucePlugin_Build_AAX=0",
					"JucePlugin_Build_Standalone=1",
					"JucePlugin_Build_Unity=0",
				);
				GCC_VERSION = com.apple.compilers.llvm.clang.1_0;
				HEADER_SEARCH_PATHS = (
					"$(HOME)/JUCE/modules/juce_audio_processors/format_types/VST3_SDK",
					"../../JuceLibraryCode",
					"$(HOME)/JUCE/modules",
					"$(HOME)/JUCE/modules/juce_audio_plugin_client",
					"$(inherited)",
				);
				INFOPLIST_FILE = Info-Standalone_Plugin.plist;
				INFOPLIST_PREPROCESS = NO;
				MACOSX_DEPLOYMENT_TARGET = 10.11;
				OTHER_LDFLAGS = "-lMTEqualizer";
				PRODUCT_BUNDLE_IDENTIFIER = com.yourcompany.MTEqualizer;
				PRODUCT_NAME = "MTEqualizer";
				USE_HEADERMAP = NO;
			};
			name = Debug;
		};
		5575B9BAECCBC9762EA3E72B = {
			isa = XCBuildConfiguration;
			buildSettings = {
				CLANG_CXX_LANGUAGE_STANDARD = "c++14";
				CLANG_CXX_LIBRARY = "libc++";
				CLANG_LINK_OBJC_RUNTIME = NO;
				CODE_SIGN_IDENTITY = "";
				COMBINE_HIDPI_IMAGES = YES;
				CONFIGURATION_BUILD_DIR = "$(PROJECT_DIR)/build/$(CONFIGURATION)";
				DEAD_CODE_STRIPPING = YES;
				GCC_GENERATE_DEBUGGING_SYMBOLS = NO;
				GCC_OPTIMIZATION_LEVEL = 3;
				GCC_PREPROCESSOR_DEFINITIONS = (
					"_NDEBUG=1",
					"NDEBUG=1",
					"JUCER_XCODE_MAC_F6D2F4CF=1",
					"JUCE_APP_VERSION=1.0.0",
					"JUCE_APP_VERSION_HEX=0x10000",
					"JucePlugin_Build_VST=0",
					"JucePlugin_Build_VST3=0",
					"JucePlugin_Build_AU=0",
					"JucePlugin_Build_AUv3=0",
					"JucePlugin_Build_RTAS=0",
					"JucePlugin_Build_AAX=0",
					"JucePlugin_Build_Standalone=1",
					"JucePlugin_Build_Unity=0",
				);
				GCC_SYMBOLS_PRIVATE_EXTERN = YES;
				GCC_VERSION = com.apple.compilers.llvm.clang.1_0;
				HEADER_SEARCH_PATHS = (
					"$(HOME)/JUCE/modules/juce_audio_processors/format_types/VST3_SDK",
					"../../JuceLibraryCode",
					"$(HOME)/JUCE/modules",
					"$(HOME)/JUCE/modules/juce_audio_plugin_client",
					"$(inherited)",
				);
				INFOPLIST_FILE = Info-Standalone_Plugin.plist;
				INFOPLIST_PREPROCESS = NO;
				LLVM_LTO = YES;
				MACOSX_DEPLOYMENT_TARGET = 10.11;
				OTHER_LDFLAGS = "-lMTEqualizer";
				PRODUCT_BUNDLE_IDENTIFIER = com.yourcompany.MTEqualizer;
				PRODUCT_NAME = "MTEqualizer";
				USE_HEADERMAP = NO;
			};
			name = Release;
		};
		C817DBACB9CC8D0255497AA9 = {
			isa = XCBuildConfiguration;
			buildSettings = {
				CLANG_CXX_LANGUAGE_STANDARD = "c++14";
				CLANG_CXX_LIBRARY = "libc++";
				CLANG_LINK_OBJC_RUNTIME = NO;
				CODE_SIGN_IDENTITY = "";
				COMBINE_HIDPI_IMAGES = YES;
				CONFIGURATION_BUILD_DIR = "$(PROJECT_DIR)/build/$(CONFIGURATION)";
				COPY_PHASE_STRIP = NO;
				GCC_DYNAMIC_NO_PIC = NO;
				GCC_OPTIMIZATION_LEVEL = 0;
				GCC_PREPROCESSOR_DEFINITIONS = (
					"_DEBUG=1",
					"DEBUG=1",
					"JUCER_XCODE_MAC_F6D2F4CF=1",
					"JUCE_APP_VERSION=1.0.0",
					"JUCE_APP_VERSION_HEX=0x10000",
					"JucePlugin_Build_VST=0",
					"JucePlugin_Build_VST3=1",
					"JucePlugin_Build_AU=1",
					"JucePlugin_Build_AUv3=0",
					"JucePlugin_Build_RTAS=0",
					"JucePlugin_Build_AAX=0",
					"JucePlugin_Build_Standalone=1",
					"JucePlugin_Build_Unity=0",
					"JUCE_SHARED_CODE=1",
				);
				GCC_VERSION = com.apple.compilers.llvm.clang.1_0;
				HEADER_SEARCH_PATHS = (
					"$(HOME)/JUCE/modules/juce_audio_processors/format_types/VST3_SDK",
					"../../JuceLibraryCode",
					"$(HOME)/JUCE/modules",
					"$(HOME)/JUCE/modules/juce_audio_plugin_client",
					"$(inherited)",
				);
				INSTALL_PATH = "@executable_path/../Frameworks";
				MACOSX_DEPLOYMENT_TARGET = 10.11;
				PRODUCT_BUNDLE_IDENTIFIER = com.yourcompany.MTEqualizer;
				PRODUCT_NAME = "MTEqualizer";
				SKIP_INSTALL = YES;
				USE_HEADERMAP = NO;
			};
			name = Debug;
		};
		2F64255E0C93C4C1C31C4696 = {
			isa = XCBuildConfiguration;
			buildSettings = {
				CLANG_CXX_LANGUAGE_STANDARD = "c++14";
				CLANG_CXX_LIBRARY = "libc++";
				CLANG_LINK_OBJC_RUNTIME = NO;
				CODE_SIGN_IDENTITY = "";
				COMBINE_HIDPI_IMAGES = YES;
				CONFIGURATION_BUILD_DIR = "$(PROJECT_DIR)/build/$(CONFIGURATION)";
				DEAD_CODE_STRIPPING = YES;
				GCC_GENERATE_DEBUGGING_SYMBOLS = NO;
				GCC_OPTIMIZATION_LEVEL = 3;
				GCC_PREPROCESSOR_DEFINITIONS = (
					"_NDEBUG=1",
					"NDEBUG=1",
					"JUCER_XCODE_MAC_F6D2F4CF=1",
					"JUCE_APP_VERSION=1.0.0",
					"JUCE_APP_VERSION_HEX=0x10000",
					"JucePlugin_Build_VST=0",
					"JucePlugin_Build_VST3=1",
					"JucePlugin_Build_AU=1",
					"JucePlugin_Build_AUv3=0",
					"JucePlugin_Build_RTAS=0",
					"JucePlugin_Build_AAX=0",
					"JucePlugin_Build_Standalone=1",
					"JucePlugin_Build_Unity=0",
					"JUCE_SHARED_CODE=1",
				);
				GCC_SYMBOLS_PRIVATE_EXTERN = YES;
				GCC_VERSION = com.apple.compilers.llvm.clang.1_0;
				HEADER_SEARCH_PATHS = (
					"$(HOME)/JUCE/modules/juce_audio_processors/format_types/VST3_SDK",
					"../../JuceLibraryCode",
					"$(HOME)/JUCE/modules",
					"$(HOME)/JUCE/modules/juce_audio_plugin_client",
					"$(inherited)",
				);
				INSTALL_PATH = "@executable_path/../Frameworks";
				LLVM_LTO = YES;
				MACOSX_DEPLOYMENT_TARGET = 10.11;
				PRODUCT_BUNDLE_IDENTIFIER = com.yourcompany.MTEqualizer;
				PRODUCT_NAME = "MTEqualizer";
				SKIP_INSTALL = YES;
				USE_HEADERMAP = NO;
			};
			name = Release;
		};
		3D13154471805FA92D28CCCC = {
			isa = XCBuildConfiguration;
			buildSettings = {
				ALWAYS_SEARCH_USER_PATHS = NO;
				CLANG_ENABLE_OBJC_WEAK = YES;
				CLANG_WARN_BLOCK_CAPTURE_AUTORELEASING = YES;
				CLANG_WARN_BOOL_CONVERSION = YES;
				CLANG_WARN_COMMA = YES;
				CLANG_WARN_CONSTANT_CONVERSION = YES;
				CLANG_WARN_DEPRECATED_OBJC_IMPLEMENTATIONS = YES;
				CLANG_WARN_EMPTY_BODY = YES;
				CLANG_WARN_ENUM_CONVERSION = YES;
				CLANG_WARN_INFINITE_RECURSION = YES;
				CLANG_WARN_INT_CONVERSION = YES;
				CLANG_WARN_NON_LITERAL_NULL_CONVERSION = YES;
				CLANG_WARN_OBJC_IMPLICIT_RETAIN_SELF = YES;
				CLANG_WARN_OBJC_LITERAL_CONVERSION = YES;
				CLANG_WARN_RANGE_LOOP_ANALYSIS = YES;
				CLANG_WARN_STRICT_PROTOTYPES = YES;
				CLANG_WARN_SUSPICIOUS_MOVE = YES;
				CLANG_WARN_UNREACHABLE_CODE = YES;
				CLANG_WARN__DUPLICATE_METHOD_MATCH = YES;
				CODE_SIGN_IDENTITY = "";
				DEBUG_INFORMATION_FORMAT = dwarf;
				ENABLE_STRICT_OBJC_MSGSEND = YES;
				ENABLE_TESTABILITY = YES;
				GCC_C_LANGUAGE_STANDARD = c11;
				GCC_INLINES_ARE_PRIVATE_EXTERN = YES;
				GCC_MODEL_TUNING = G5;
				GCC_NO_COMMON_BLOCKS = YES;
				GCC_WARN_64_TO_32_BIT_CONVERSION = YES;
				GCC_WARN_ABOUT_RETURN_TYPE = YES;
				GCC_WARN_CHECK_SWITCH_STATEMENTS = YES;
				GCC_WARN_MISSING_PARENTHESES = YES;
				GCC_WARN_NON_VIRTUAL_DESTRUCTOR = YES;
				GCC_WARN_TYPECHECK_CALLS_TO_PRINTF = YES;
				GCC_WARN_UNDECLARED_SELECTOR = YES;
				GCC_WARN_UNINITIALIZED_AUTOS = YES;
				GCC_WARN_UNUSED_FUNCTION = YES;
				GCC_WARN_UNUSED_VARIABLE = YES;
				ONLY_ACTIVE_ARCH = YES;
				PRODUCT_NAME = "MTEqualizer";
				SDKROOT = macosx;
				WARNING_CFLAGS = "-Wreorder";
				ZERO_LINK = NO;
			};
			name = Debug;
		};
		9C7D3520B64DD6CC1958B30D = {
			isa = XCBuildConfiguration;
			buildSettings = {
				ALWAYS_SEARCH_USER_PATHS = NO;
				CLANG_ENABLE_OBJC_WEAK = YES;
				CLANG_WARN_BLOCK_CAPTURE_AUTORELEASING = YES;
				CLANG_WARN_BOOL_CONVERSION = YES;
				CLANG_WARN_COMMA = YES;
				CLANG_WARN_CONSTANT_CONVERSION = YES;
				CLANG_WARN_DEPRECATED_OBJC_IMPLEMENTATIONS = YES;
				CLANG_WARN_EMPTY_BODY = YES;
				CLANG_WARN_ENUM_CONVERSION = YES;
				CLANG_WARN_INFINITE_RECURSION = YES;
				CLANG_WARN_INT_CONVERSION = YES;
				CLANG_WARN_NON_LITERAL_NULL_CONVERSION = YES;
				CLANG_WARN_OBJC_IMPLICIT_RETAIN_SELF = YES;
				CLANG_WARN_OBJC_LITERAL_CONVERSION = YES;
				CLANG_WARN_RANGE_LOOP_ANALYSIS = YES;
				CLANG_WARN_STRICT_PROTOTYPES = YES;
				CLANG_WARN_SUSPICIOUS_MOVE = YES;
				CLANG_WARN_UNREACHABLE_CODE = YES;
				CLANG_WARN__DUPLICATE_METHOD_MATCH = YES;
				CODE_SIGN_IDENTITY = "";
				DEBUG_INFORMATION_FORMAT = dwarf;
				ENABLE_STRICT_OBJC_MSGSEND = YES;
				GCC_C_LANGUAGE_STANDARD = c11;
				GCC_INLINES_ARE_PRIVATE_EXTERN = YES;
				GCC_MODEL_TUNING = G5;
				GCC_NO_COMMON_BLOCKS = YES;
				GCC_WARN_64_TO_32_BIT_CONVERSION = YES;
				GCC_WARN_ABOUT_RETURN_TYPE = YES;
				GCC_WARN_CHECK_SWITCH_STATEMENTS = YES;
				GCC_WARN_MISSING_PARENTHESES = YES;
				GCC_WARN_NON_VIRTUAL_DESTRUCTOR = YES;
				GCC_WARN_TYPECHECK_CALLS_TO_PRINTF = YES;
				GCC_WARN_UNDECLARED_SELECTOR = YES;
				GCC_WARN_UNINITIALIZED_AUTOS = YES;
				GCC_WARN_UNUSED_FUNCTION = YES;
				GCC_WARN_UNUSED_VARIABLE = YES;
				PRODUCT_NAME = "MTEqualizer";
				SDKROOT = macosx;
				WARNING_CFLAGS = "-Wreorder";
				ZERO_LINK = NO;
			};
			name = Release;
		};
		973B0E3EF5376FDC10B8323B = {
			isa = PBXTargetDependency;
			target = A41E34BB08EF353A2B5F9AD7;
		};
		68ADDD331AB227108A55AE07 = {
			isa = PBXTargetDependency;
			target = 3CF65F82B17D7A83CDDC0D20;
		};
		4BF28937E35F51689952A6B9 = {
			isa = PBXTargetDependency;
			target = 0489C79B7FB079B40666D2ED;
		};
		736B6F2789567263EDE66999 = {
			isa = PBXTargetDependency;
			target = 93766EE183AB9637F409C09E;
		};
		A68CCC05277617868A911AA7 = {
			isa = XCConfigurationList;
			buildConfigurations = (
				3D13154471805FA92D28CCCC,
				9C7D3520B64DD6CC1958B30D,
			);
			defaultConfigurationIsVisible = 0;
			defaultConfigurationName = Debug;
		};
		11FEA98EB3F30BD338A87A84 = {
			isa = XCConfigurationList;
			buildConfigurations = (
				B48C41E6B2528AC77D4DC1D6,
				D0F12E79E9CDF0C8137AD08F,
			);
			defaultConfigurationIsVisible = 0;
			defaultConfigurationName = Debug;
		};
		A3C876E6C63774C699F8A023 = {
			isa = PBXAggregateTarget;
			buildConfigurationList = 11FEA98EB3F30BD338A87A84;
			buildPhases = ( );
			buildRules = ( );
			dependencies = (
				973B0E3EF5376FDC10B8323B,
				68ADDD331AB227108A55AE07,
				4BF28937E35F51689952A6B9,
				736B6F2789567263EDE66999,
			);
			name = "MTEqualizer - All";
			productName = MTEqualizer;
		};
		6FF1CF004D7A8AA6D07403A9 = {
			isa = XCConfigurationList;
			buildConfigurations = (
				CE809EE038E0AD3762B30C15,
				92699EA2094C0E8881E27AE8,
			);
			defaultConfigurationIsVisible = 0;
			defaultConfigurationName = Debug;
		};
		2CBE0287086F017ADC363372 = {
			isa = PBXResourcesBuildPhase;
			buildActionMask = 2147483647;
			files = (
				25A3F1B232D364259871B893,
			);
			runOnlyForDeploymentPostprocessing = 0;
		};
		C5C465E16357EEF0F97D7666 = {
			isa = PBXSourcesBuildPhase;
			buildActionMask = 2147483647;
			files = (
				2026D053D8A685CAC7423827,
			);
			runOnlyForDeploymentPostprocessing = 0;
		};
		BA2E6A3B614CC4AD924B9035 = {
			isa = PBXFrameworksBuildPhase;
			buildActionMask = 2147483647;
			files = (
				A0E6ED88EDACF4AC982CDDCE,
				543F3FB028F900897A7FE07E,
				8311EAAA7017BE8E2FE93F7E,
				53CA51DEA109219CBD6E5DA9,
				9C6CB303C0D1F632C1E26447,
				652A87E742AD30B607D781C7,
				3E687B95140BC08802B9A46D,
				A9EFBA9967C64535CD345337,
				C75896D785397E368ADB14F9,
				E678D40029027C59EA96D4F5,
				45A8373AB0FB4D3DE3C13076,
				7E0F2F8BBDA5CCEDC33DAC0C,
			);
			runOnlyForDeploymentPostprocessing = 0;
		};
		A41E34BB08EF353A2B5F9AD7 = {
			isa = PBXNativeTarget;
			buildConfigurationList = 6FF1CF004D7A8AA6D07403A9;
			buildPhases = (
				2CBE0287086F017ADC363372,
				C5C465E16357EEF0F97D7666,
				BA2E6A3B614CC4AD924B9035,
			);
			buildRules = ( );
			dependencies = (
				736B6F2789567263EDE66999,
			);
			name = "MTEqualizer - VST3";
			productName = MTEqualizer;
			productReference = 135CDEA1F130E37A869D09B7;
			productType = "com.apple.product-type.bundle";
		};
		AF83A843D5722C536700486D = {
			isa = XCConfigurationList;
			buildConfigurations = (
				3F9B9DA2FA7F730EF5423DEB,
				F65D78057EE1D5072623F72E,
			);
			defaultConfigurationIsVisible = 0;
			defaultConfigurationName = Debug;
		};
		AFBA0B72E247797894868957 = {
			isa = PBXResourcesBuildPhase;
			buildActionMask = 2147483647;
			files = (
				25A3F1B232D364259871B893,
			);
			runOnlyForDeploymentPostprocessing = 0;
		};
		6313A7C774C4C1A7FD88E892 = {
			isa = PBXRezBuildPhase;
			buildActionMask = 2147483647;
			files = (
				FD888E6D285C920881F7D4F9,
			);
			runOnlyForDeploymentPostprocessing = 0;
		};
		55B6CE2AE6EB635D667B2637 = {
			isa = PBXSourcesBuildPhase;
			buildActionMask = 2147483647;
			files = (
				01E81DBFA9C3C3310E059008,
				9A59A18F02C6AB78C106AE9D,
			);
			runOnlyForDeploymentPostprocessing = 0;
		};
		116CCF7A0DA2A34D28CD4FED = {
			isa = PBXFrameworksBuildPhase;
			buildActionMask = 2147483647;
			files = (
				F2A329B4C794C0201F6D8E72,
				A0E6ED88EDACF4AC982CDDCE,
				543F3FB028F900897A7FE07E,
				8311EAAA7017BE8E2FE93F7E,
				53CA51DEA109219CBD6E5DA9,
				9C6CB303C0D1F632C1E26447,
				652A87E742AD30B607D781C7,
				3E687B95140BC08802B9A46D,
				A9EFBA9967C64535CD345337,
				C75896D785397E368ADB14F9,
				E678D40029027C59EA96D4F5,
				45A8373AB0FB4D3DE3C13076,
				7E0F2F8BBDA5CCEDC33DAC0C,
			);
			runOnlyForDeploymentPostprocessing = 0;
		};
		3CF65F82B17D7A83CDDC0D20 = {
			isa = PBXNativeTarget;
			buildConfigurationList = AF83A843D5722C536700486D;
			buildPhases = (
				AFBA0B72E247797894868957,
				6313A7C774C4C1A7FD88E892,
				55B6CE2AE6EB635D667B2637,
				116CCF7A0DA2A34D28CD4FED,
			);
			buildRules = ( );
			dependencies = (
				736B6F2789567263EDE66999,
			);
			name = "MTEqualizer - AU";
			productName = MTEqualizer;
			productReference = 18DF20077DCD9D772F553D32;
			productType = "com.apple.product-type.bundle";
		};
		0B3A64A836733DA865A4DD70 = {
			isa = XCConfigurationList;
			buildConfigurations = (
				D7122A9BFA4869A23A50E08F,
				5575B9BAECCBC9762EA3E72B,
			);
			defaultConfigurationIsVisible = 0;
			defaultConfigurationName = Debug;
		};
		50C7B789BB573F95134CDA5E = {
			isa = PBXResourcesBuildPhase;
			buildActionMask = 2147483647;
			files = (
				25A3F1B232D364259871B893,
			);
			runOnlyForDeploymentPostprocessing = 0;
		};
		215C989A3CC0F86B58CAC9D4 = {
			isa = PBXSourcesBuildPhase;
			buildActionMask = 2147483647;
			files = (
				249C683866E52667DB81183E,
			);
			runOnlyForDeploymentPostprocessing = 0;
		};
		B44D763D8AA919F54B9454AC = {
			isa = PBXFrameworksBuildPhase;
			buildActionMask = 2147483647;
			files = (
				A0E6ED88EDACF4AC982CDDCE,
				543F3FB028F900897A7FE07E,
				8311EAAA7017BE8E2FE93F7E,
				53CA51DEA109219CBD6E5DA9,
				9C6CB303C0D1F632C1E26447,
				652A87E742AD30B607D781C7,
				3E687B95140BC08802B9A46D,
				A9EFBA9967C64535CD345337,
				C75896D785397E368ADB14F9,
				E678D40029027C59EA96D4F5,
				45A8373AB0FB4D3DE3C13076,
				7E0F2F8BBDA5CCEDC33DAC0C,
			);
			runOnlyForDeploymentPostprocessing = 0;
		};
		0489C79B7FB079B40666D2ED = {
			isa = PBXNativeTarget;
			buildConfigurationList = 0B3A64A836733DA865A4DD70;
			buildPhases = (
				50C7B789BB573F95134CDA5E,
				215C989A3CC0F86B58CAC9D4,
				B44D763D8AA919F54B9454AC,
			);
			buildRules = ( );
			dependencies = (
				736B6F2789567263EDE66999,
			);
			name = "MTEqualizer - Standalone Plugin";
			productName = MTEqualizer;
			productReference = 4ED92959D7B2B0CE2C9BC574;
			productType = "com.apple.product-type.application";
		};
		B1AED8788ED0DCD792C67256 = {
			isa = XCConfigurationList;
			buildConfigurations = (
				C817DBACB9CC8D0255497AA9,
				2F64255E0C93C4C1C31C4696,
			);
			defaultConfigurationIsVisible = 0;
			defaultConfigurationName = Debug;
		};
		59CA336DF1F54E11BBB8A103 = {
			isa = PBXSourcesBuildPhase;
			buildActionMask = 2147483647;
			files = (
				C43F2E0E052B7EC4838B0FB2,
				D1D798118F67200A2BE9B5DB,
				0175FCF335D707ECCF995363,
				457DFBEC49DBCC93131C83B7,
				1265C949D8A8E3B8AD31980F,
				346448E1A085CD9A3A685E17,
				8A5730C4745E155C2E4049EC,
				EF4EF8F9CD8A6699FC30FCAD,
				2E7C44F720AA80E962125237,
				70654514B2284F407C01C138,
				3A174911EE060818891B9D8F,
				2E1F4775EDE8CEB485AF8664,
				ECDB028749212CD83720EA63,
				A4A6CAF8910BBDF3D593E2FB,
				0EB5567936E51900154D13B2,
				8E54EA69039FC2BE8D4D7601,
				9D7267252EF74727DF9236C5,
				F4A6210F919A9573065A7257,
				4CD2DB0ABB36DA42299A8DA0,
				77F0127B274E802E58085447,
			);
			runOnlyForDeploymentPostprocessing = 0;
		};
		93766EE183AB9637F409C09E = {
			isa = PBXNativeTarget;
			buildConfigurationList = B1AED8788ED0DCD792C67256;
			buildPhases = (
				59CA336DF1F54E11BBB8A103,
			);
			buildRules = ( );
			dependencies = ( );
			name = "MTEqualizer - Shared Code";
			productName = MTEqualizer;
			productReference = 9BFD956E67BD69B306CDD2D8;
			productType = "com.apple.product-type.library.static";
		};
		5F52DF05377FEF3C87567359 = {
			isa = PBXProject;
			buildConfigurationList = A68CCC05277617868A911AA7;
			attributes = { LastUpgradeCheck = 1100; ORGANIZATIONNAME = ""; TargetAttributes = { A3C876E6C63774C699F8A023 = { SystemCapabilities = {com.apple.ApplicationGroups.iOS = { enabled = 0; }; com.apple.InAppPurchase = { enabled = 0; }; com.apple.InterAppAudio = { enabled = 0; }; com.apple.Push = { enabled = 0; }; com.apple.Sandbox = { enabled = 0; }; com.apple.HardenedRuntime = { enabled = 0; }; }; };A41E34BB08EF353A2B5F9AD7 = { SystemCapabilities = {com.apple.ApplicationGroups.iOS = { enabled = 0; }; com.apple.InAppPurchase = { enabled = 0; }; com.apple.InterAppAudio = { enabled = 0; }; com.apple.Push = { enabled = 0; }; com.apple.Sandbox = { enabled = 0; }; com.apple.HardenedRuntime = { enabled = 0; }; }; };3CF65F82B17D7A83CDDC0D20 = { SystemCapabilities = {com.apple.ApplicationGroups.iOS = { enabled = 0; }; com.apple.InAppPurchase = { enabled = 0; }; com.apple.InterAppAudio = { enabled = 0; }; com.apple.Push = { enabled = 0; }; com.apple.Sandbox = { enabled = 0; }; com.apple.HardenedRuntime = { enabled = 0; }; }; };0489C79B7FB079B40666D2ED = { SystemCapabilities = {com.apple.ApplicationGroups.iOS = { enabled = 0; }; com.apple.InAppPurchase = { enabled = 0; }; com.apple.InterAppAudio = { enabled = 0; }; com.apple.Push = { enabled = 0; }; com.apple.Sandbox = { enabled = 0; }; com.apple.HardenedRuntime = { enabled = 0; }; }; };93766EE183AB9637F409C09E = { SystemCapabilities = {com.apple.ApplicationGroups.iOS = { enabled = 0; }; com.apple.InAppPurchase = { enabled = 0; }; com.apple.InterAppAudio = { enabled = 0; }; com.apple.Push = { enabled = 0; }; com.apple.Sandbox = { enabled = 0; }; com.apple.HardenedRuntime = { enabled = 0; }; }; }; }; };
			compatibilityVersion = "Xcode 3.2";
			hasScannedForEncodings = 0;
			mainGroup = ED366EB3313131DA524A1586;
			projectDirPath = "";
			projectRoot = "";
			targets = (A3C876E6C63774C699F8A023, A41E34BB08EF353A2B5F9AD7, 3CF65F82B17D7A83CDDC0D20, 0489C79B7FB079B40666D2ED, 93766EE183AB9637F409C09E);
			knownRegions = (en, Base);
		};
	};
	rootObject = 5F52DF05377FEF3C87567359;
}
